
Microsoft Visual Studio Solution File, Format Version 12.00
# Visual Studio 2013
VisualStudioVersion = 12.0.21005.1
MinimumVisualStudioVersion = 10.0.40219.1
Project("{FAE04EC0-301F-11D3-BF4B-00C04F79EFBC}") = "Generic Repository Example", "Generic Repository Example\Generic Repository Example.csproj", "{68EB1C74-1764-4154-A0E3-CC8DFA2DAEC3}"
EndProject
Project("{FAE04EC0-301F-11D3-BF4B-00C04F79EFBC}") = "GenericRepository.Data", "GenericRepository.Data\GenericRepository.Data.csproj", "{2C6FAC8C-68F9-44C3-9EE9-ECB718898953}"
EndProject
Project("{FAE04EC0-301F-11D3-BF4B-00C04F79EFBC}") = "Entities", "Entities\Entities.csproj", "{3BEA47A8-FF19-423C-B76A-D53F687D76B3}"
EndProject
Global
	GlobalSection(SolutionConfigurationPlatforms) = preSolution
		Debug|Any CPU = Debug|Any CPU
		Release|Any CPU = Release|Any CPU
	EndGlobalSection
	GlobalSection(ProjectConfigurationPlatforms) = postSolution
		{68EB1C74-1764-4154-A0E3-CC8DFA2DAEC3}.Debug|Any CPU.ActiveCfg = Debug|Any CPU
		{68EB1C74-1764-4154-A0E3-CC8DFA2DAEC3}.Debug|Any CPU.Build.0 = Debug|Any CPU
		{68EB1C74-1764-4154-A0E3-CC8DFA2DAEC3}.Release|Any CPU.ActiveCfg = Release|Any CPU
		{68EB1C74-1764-4154-A0E3-CC8DFA2DAEC3}.Release|Any CPU.Build.0 = Release|Any CPU
		{2C6FAC8C-68F9-44C3-9EE9-ECB718898953}.Debug|Any CPU.ActiveCfg = Debug|Any CPU
		{2C6FAC8C-68F9-44C3-9EE9-ECB718898953}.Debug|Any CPU.Build.0 = Debug|Any CPU
		{2C6FAC8C-68F9-44C3-9EE9-ECB718898953}.Release|Any CPU.ActiveCfg = Release|Any CPU
		{2C6FAC8C-68F9-44C3-9EE9-ECB718898953}.Release|Any CPU.Build.0 = Release|Any CPU
		{3BEA47A8-FF19-423C-B76A-D53F687D76B3}.Debug|Any CPU.ActiveCfg = Debug|Any CPU
		{3BEA47A8-FF19-423C-B76A-D53F687D76B3}.Debug|Any CPU.Build.0 = Debug|Any CPU
		{3BEA47A8-FF19-423C-B76A-D53F687D76B3}.Release|Any CPU.ActiveCfg = Release|Any CPU
		{3BEA47A8-FF19-423C-B76A-D53F687D76B3}.Release|Any CPU.Build.0 = Release|Any CPU
	EndGlobalSection
	GlobalSection(SolutionProperties) = preSolution
		HideSolutionNode = FALSE
	EndGlobalSection
EndGlobal
